
Microsoft Visual Studio Solution File, Format Version 12.00
# Visual Studio Version 16
VisualStudioVersion = 16.0.30114.105
MinimumVisualStudioVersion = 10.0.40219.1
Project("{9A19103F-16F7-4668-BE54-9A1E7A4F7556}") = "QuickStart", "src\QuickStart\QuickStart.csproj", "{E2A3FF65-96D8-4D74-AB6E-A31024966C94}"
EndProject
Project("{9A19103F-16F7-4668-BE54-9A1E7A4F7556}") = "ServiceDependencyInjection", "src\ServiceDependencyInjection\ServiceDependencyInjection.csproj", "{F17A150A-A4F3-4DD2-8E75-35C05548117B}"
EndProject
Project("{9A19103F-16F7-4668-BE54-9A1E7A4F7556}") = "CustomServiceLogger", "src\CustomServiceLogger\CustomServiceLogger.csproj", "{E788757F-0311-4E03-8537-7DF046EA659E}"
EndProject
Project("{9A19103F-16F7-4668-BE54-9A1E7A4F7556}") = "ValidatorAndWorkflowWriter", "src\ValidatorAndWorkflowWriter\ValidatorAndWorkflowWriter.csproj", "{1370359C-77E3-4F7A-BBF0-41E141AF91D7}"
EndProject
Project("{FAE04EC0-301F-11D3-BF4B-00C04F79EFBC}") = "RegistrationControl", "src\RegistrationControl\RegistrationControl.csproj", "{BFD1573D-A480-411B-AB7A-44F21FADBF15}"
EndProject
Global
	GlobalSection(SolutionConfigurationPlatforms) = preSolution
		Debug|Any CPU = Debug|Any CPU
		Release|Any CPU = Release|Any CPU
	EndGlobalSection
	GlobalSection(ProjectConfigurationPlatforms) = postSolution
		{E2A3FF65-96D8-4D74-AB6E-A31024966C94}.Debug|Any CPU.ActiveCfg = Debug|Any CPU
		{E2A3FF65-96D8-4D74-AB6E-A31024966C94}.Debug|Any CPU.Build.0 = Debug|Any CPU
		{E2A3FF65-96D8-4D74-AB6E-A31024966C94}.Release|Any CPU.ActiveCfg = Release|Any CPU
		{E2A3FF65-96D8-4D74-AB6E-A31024966C94}.Release|Any CPU.Build.0 = Release|Any CPU
		{F17A150A-A4F3-4DD2-8E75-35C05548117B}.Debug|Any CPU.ActiveCfg = Debug|Any CPU
		{F17A150A-A4F3-4DD2-8E75-35C05548117B}.Debug|Any CPU.Build.0 = Debug|Any CPU
		{F17A150A-A4F3-4DD2-8E75-35C05548117B}.Release|Any CPU.ActiveCfg = Release|Any CPU
		{F17A150A-A4F3-4DD2-8E75-35C05548117B}.Release|Any CPU.Build.0 = Release|Any CPU
		{E788757F-0311-4E03-8537-7DF046EA659E}.Debug|Any CPU.ActiveCfg = Debug|Any CPU
		{E788757F-0311-4E03-8537-7DF046EA659E}.Debug|Any CPU.Build.0 = Debug|Any CPU
		{E788757F-0311-4E03-8537-7DF046EA659E}.Release|Any CPU.ActiveCfg = Release|Any CPU
		{E788757F-0311-4E03-8537-7DF046EA659E}.Release|Any CPU.Build.0 = Release|Any CPU
		{1370359C-77E3-4F7A-BBF0-41E141AF91D7}.Debug|Any CPU.ActiveCfg = Debug|Any CPU
		{1370359C-77E3-4F7A-BBF0-41E141AF91D7}.Debug|Any CPU.Build.0 = Debug|Any CPU
		{1370359C-77E3-4F7A-BBF0-41E141AF91D7}.Release|Any CPU.ActiveCfg = Release|Any CPU
		{1370359C-77E3-4F7A-BBF0-41E141AF91D7}.Release|Any CPU.Build.0 = Release|Any CPU
		{BFD1573D-A480-411B-AB7A-44F21FADBF15}.Debug|Any CPU.ActiveCfg = Debug|Any CPU
		{BFD1573D-A480-411B-AB7A-44F21FADBF15}.Debug|Any CPU.Build.0 = Debug|Any CPU
		{BFD1573D-A480-411B-AB7A-44F21FADBF15}.Release|Any CPU.ActiveCfg = Release|Any CPU
		{BFD1573D-A480-411B-AB7A-44F21FADBF15}.Release|Any CPU.Build.0 = Release|Any CPU
	EndGlobalSection
	GlobalSection(SolutionProperties) = preSolution
		HideSolutionNode = FALSE
	EndGlobalSection
	GlobalSection(ExtensibilityGlobals) = postSolution
		SolutionGuid = {30802D3B-3D05-4543-9632-3D267074781F}
	EndGlobalSection
EndGlobal
